
Microsoft Visual Studio Solution File, Format Version 12.00
# Visual Studio Version 16
VisualStudioVersion = 16.0.31624.102
MinimumVisualStudioVersion = 10.0.40219.1
Project("{FAE04EC0-301F-11D3-BF4B-00C04F79EFBC}") = "12.01.2021", "12.01.2021.csproj", "{523B1A65-ACFA-42E7-8712-5BE5B84C5DA6}"
EndProject
Global
	GlobalSection(SolutionConfigurationPlatforms) = preSolution
		Debug|Any CPU = Debug|Any CPU
		Release|Any CPU = Release|Any CPU
	EndGlobalSection
	GlobalSection(ProjectConfigurationPlatforms) = postSolution
		{523B1A65-ACFA-42E7-8712-5BE5B84C5DA6}.Debug|Any CPU.ActiveCfg = Debug|Any CPU
		{523B1A65-ACFA-42E7-8712-5BE5B84C5DA6}.Debug|Any CPU.Build.0 = Debug|Any CPU
		{523B1A65-ACFA-42E7-8712-5BE5B84C5DA6}.Release|Any CPU.ActiveCfg = Release|Any CPU
		{523B1A65-ACFA-42E7-8712-5BE5B84C5DA6}.Release|Any CPU.Build.0 = Release|Any CPU
	EndGlobalSection
	GlobalSection(SolutionProperties) = preSolution
		HideSolutionNode = FALSE
	EndGlobalSection
	GlobalSection(ExtensibilityGlobals) = postSolution
		SolutionGuid = {03081A1A-B003-46F4-9CDF-FB06B81A059B}
	EndGlobalSection
EndGlobal
