
Microsoft Visual Studio Solution File, Format Version 12.00
# Visual Studio Version 16
VisualStudioVersion = 16.0.31911.196
MinimumVisualStudioVersion = 10.0.40219.1
Project("{FAE04EC0-301F-11D3-BF4B-00C04F79EFBC}") = "ASP.NET2", "ASP.NET2\ASP.NET2.csproj", "{1A03D906-5726-4208-BBB3-5964FC6C1519}"
EndProject
Global
	GlobalSection(SolutionConfigurationPlatforms) = preSolution
		Debug|Any CPU = Debug|Any CPU
		Release|Any CPU = Release|Any CPU
	EndGlobalSection
	GlobalSection(ProjectConfigurationPlatforms) = postSolution
		{1A03D906-5726-4208-BBB3-5964FC6C1519}.Debug|Any CPU.ActiveCfg = Debug|Any CPU
		{1A03D906-5726-4208-BBB3-5964FC6C1519}.Debug|Any CPU.Build.0 = Debug|Any CPU
		{1A03D906-5726-4208-BBB3-5964FC6C1519}.Release|Any CPU.ActiveCfg = Release|Any CPU
		{1A03D906-5726-4208-BBB3-5964FC6C1519}.Release|Any CPU.Build.0 = Release|Any CPU
	EndGlobalSection
	GlobalSection(SolutionProperties) = preSolution
		HideSolutionNode = FALSE
	EndGlobalSection
	GlobalSection(ExtensibilityGlobals) = postSolution
		SolutionGuid = {63003713-CDF0-4AF0-924D-A6EE9C918111}
	EndGlobalSection
EndGlobal
